github.com/gdbu/uuid v0.4.79 h1:n0IZHDUhXHUU3lwD/Dzo+2cz4dpFEa/24T69iwJ5AUM=
github.com/gdbu/uuid v0.4.79/go.mod h1:9QjipifTlUx1lqVXXHTvmum5cuvq9XTuvspBz7BakC8=
github.com/hatchify/simply v0.0.17 h1:JZBt1K5+Gc+ZiOl96AEK9rNBF42tMMwEajltIbdXnbU=
github.com/hatchify/simply v0.0.17/go.mod h1:Zt75bbQLhETkkPSie6LEtRr13bt0cy4YzQrUoOH+xbI=
